
Microsoft Visual Studio Solution File, Format Version 12.00
# Visual Studio Version 17
VisualStudioVersion = 17.13.35825.156
MinimumVisualStudioVersion = 10.0.40219.1
Project("{FAE04EC0-301F-11D3-BF4B-00C04F79EFBC}") = "BussinessLogic", "BussinessLogic\BussinessLogic.csproj", "{EF635505-1550-4071-A470-2F35EFF694D4}"
EndProject
Project("{FAE04EC0-301F-11D3-BF4B-00C04F79EFBC}") = "Infrastructure", "Infrastructure\Infrastructure.csproj", "{1874F2D7-F448-4D45-B8FE-2861AE14425F}"
EndProject
Project("{FAE04EC0-301F-11D3-BF4B-00C04F79EFBC}") = "Commons", "Commons\Commons.csproj", "{7EF70127-A04A-42B3-9E1C-624622F10F8D}"
EndProject
Project("{FAE04EC0-301F-11D3-BF4B-00C04F79EFBC}") = "Presentation.MAUI", "Presentation.MAUI\Presentation.MAUI.csproj", "{AA63EA63-0BF1-4AAD-B807-96129BB6F6E5}"
EndProject
Project("{FAE04EC0-301F-11D3-BF4B-00C04F79EFBC}") = "Presentation.ConsoleApp", "Presentation.ConsoleApp\Presentation.ConsoleApp.csproj", "{88466666-102A-4B78-9809-EFE2DC8992BB}"
EndProject
Global
	GlobalSection(SolutionConfigurationPlatforms) = preSolution
		Debug|Any CPU = Debug|Any CPU
		Release|Any CPU = Release|Any CPU
	EndGlobalSection
	GlobalSection(ProjectConfigurationPlatforms) = postSolution
		{EF635505-1550-4071-A470-2F35EFF694D4}.Debug|Any CPU.ActiveCfg = Debug|Any CPU
		{EF635505-1550-4071-A470-2F35EFF694D4}.Debug|Any CPU.Build.0 = Debug|Any CPU
		{EF635505-1550-4071-A470-2F35EFF694D4}.Release|Any CPU.ActiveCfg = Release|Any CPU
		{EF635505-1550-4071-A470-2F35EFF694D4}.Release|Any CPU.Build.0 = Release|Any CPU
		{1874F2D7-F448-4D45-B8FE-2861AE14425F}.Debug|Any CPU.ActiveCfg = Debug|Any CPU
		{1874F2D7-F448-4D45-B8FE-2861AE14425F}.Debug|Any CPU.Build.0 = Debug|Any CPU
		{1874F2D7-F448-4D45-B8FE-2861AE14425F}.Release|Any CPU.ActiveCfg = Release|Any CPU
		{1874F2D7-F448-4D45-B8FE-2861AE14425F}.Release|Any CPU.Build.0 = Release|Any CPU
		{7EF70127-A04A-42B3-9E1C-624622F10F8D}.Debug|Any CPU.ActiveCfg = Debug|Any CPU
		{7EF70127-A04A-42B3-9E1C-624622F10F8D}.Debug|Any CPU.Build.0 = Debug|Any CPU
		{7EF70127-A04A-42B3-9E1C-624622F10F8D}.Release|Any CPU.ActiveCfg = Release|Any CPU
		{7EF70127-A04A-42B3-9E1C-624622F10F8D}.Release|Any CPU.Build.0 = Release|Any CPU
		{AA63EA63-0BF1-4AAD-B807-96129BB6F6E5}.Debug|Any CPU.ActiveCfg = Debug|Any CPU
		{AA63EA63-0BF1-4AAD-B807-96129BB6F6E5}.Debug|Any CPU.Build.0 = Debug|Any CPU
		{AA63EA63-0BF1-4AAD-B807-96129BB6F6E5}.Release|Any CPU.ActiveCfg = Release|Any CPU
		{AA63EA63-0BF1-4AAD-B807-96129BB6F6E5}.Release|Any CPU.Build.0 = Release|Any CPU
		{88466666-102A-4B78-9809-EFE2DC8992BB}.Debug|Any CPU.ActiveCfg = Debug|Any CPU
		{88466666-102A-4B78-9809-EFE2DC8992BB}.Debug|Any CPU.Build.0 = Debug|Any CPU
		{88466666-102A-4B78-9809-EFE2DC8992BB}.Release|Any CPU.ActiveCfg = Release|Any CPU
		{88466666-102A-4B78-9809-EFE2DC8992BB}.Release|Any CPU.Build.0 = Release|Any CPU
	EndGlobalSection
	GlobalSection(SolutionProperties) = preSolution
		HideSolutionNode = FALSE
	EndGlobalSection
	GlobalSection(ExtensibilityGlobals) = postSolution
		SolutionGuid = {98A2AE66-DA87-422D-8B3C-5898465C4A52}
	EndGlobalSection
EndGlobal
